
Microsoft Visual Studio Solution File, Format Version 12.00
# Visual Studio Version 16
VisualStudioVersion = 16.0.33130.400
MinimumVisualStudioVersion = 10.0.40219.1
Project("{FAE04EC0-301F-11D3-BF4B-00C04F79EFBC}") = "SaveFileDialog", "SaveFileDialog\SaveFileDialog.csproj", "{5E6D779B-AD69-4496-AA9E-F1EDA70BD576}"
EndProject
Global
	GlobalSection(SolutionConfigurationPlatforms) = preSolution
		Debug|Any CPU = Debug|Any CPU
		Release|Any CPU = Release|Any CPU
	EndGlobalSection
	GlobalSection(ProjectConfigurationPlatforms) = postSolution
		{5E6D779B-AD69-4496-AA9E-F1EDA70BD576}.Debug|Any CPU.ActiveCfg = Debug|Any CPU
		{5E6D779B-AD69-4496-AA9E-F1EDA70BD576}.Debug|Any CPU.Build.0 = Debug|Any CPU
		{5E6D779B-AD69-4496-AA9E-F1EDA70BD576}.Release|Any CPU.ActiveCfg = Release|Any CPU
		{5E6D779B-AD69-4496-AA9E-F1EDA70BD576}.Release|Any CPU.Build.0 = Release|Any CPU
	EndGlobalSection
	GlobalSection(SolutionProperties) = preSolution
		HideSolutionNode = FALSE
	EndGlobalSection
	GlobalSection(ExtensibilityGlobals) = postSolution
		SolutionGuid = {73061EFF-B3D3-452D-ABB8-406AD2EB7A95}
	EndGlobalSection
EndGlobal
