
Microsoft Visual Studio Solution File, Format Version 12.00
# Visual Studio 15
VisualStudioVersion = 15.0.28307.1927
MinimumVisualStudioVersion = 10.0.40219.1
Project("{FAE04EC0-301F-11D3-BF4B-00C04F79EFBC}") = "FareIslemleri-Sayfa79", "FareIslemleri-Sayfa79\FareIslemleri-Sayfa79.csproj", "{95C863F7-44EF-4AC6-8F0B-6072175BF957}"
EndProject
Global
	GlobalSection(SolutionConfigurationPlatforms) = preSolution
		Debug|Any CPU = Debug|Any CPU
		Release|Any CPU = Release|Any CPU
	EndGlobalSection
	GlobalSection(ProjectConfigurationPlatforms) = postSolution
		{95C863F7-44EF-4AC6-8F0B-6072175BF957}.Debug|Any CPU.ActiveCfg = Debug|Any CPU
		{95C863F7-44EF-4AC6-8F0B-6072175BF957}.Debug|Any CPU.Build.0 = Debug|Any CPU
		{95C863F7-44EF-4AC6-8F0B-6072175BF957}.Release|Any CPU.ActiveCfg = Release|Any CPU
		{95C863F7-44EF-4AC6-8F0B-6072175BF957}.Release|Any CPU.Build.0 = Release|Any CPU
	EndGlobalSection
	GlobalSection(SolutionProperties) = preSolution
		HideSolutionNode = FALSE
	EndGlobalSection
	GlobalSection(ExtensibilityGlobals) = postSolution
		SolutionGuid = {E7DA3B8F-4135-45CB-95D3-52C9484006C1}
	EndGlobalSection
EndGlobal
