
Microsoft Visual Studio Solution File, Format Version 12.00
# Visual Studio Version 16
VisualStudioVersion = 16.0.33130.400
MinimumVisualStudioVersion = 10.0.40219.1
Project("{FAE04EC0-301F-11D3-BF4B-00C04F79EFBC}") = "HataYakalama-Sayfa49", "HataYakalama-Sayfa49\HataYakalama-Sayfa49.csproj", "{7F581213-61D5-4B09-8E8A-D3119450AC46}"
EndProject
Global
	GlobalSection(SolutionConfigurationPlatforms) = preSolution
		Debug|Any CPU = Debug|Any CPU
		Release|Any CPU = Release|Any CPU
	EndGlobalSection
	GlobalSection(ProjectConfigurationPlatforms) = postSolution
		{7F581213-61D5-4B09-8E8A-D3119450AC46}.Debug|Any CPU.ActiveCfg = Debug|Any CPU
		{7F581213-61D5-4B09-8E8A-D3119450AC46}.Debug|Any CPU.Build.0 = Debug|Any CPU
		{7F581213-61D5-4B09-8E8A-D3119450AC46}.Release|Any CPU.ActiveCfg = Release|Any CPU
		{7F581213-61D5-4B09-8E8A-D3119450AC46}.Release|Any CPU.Build.0 = Release|Any CPU
	EndGlobalSection
	GlobalSection(SolutionProperties) = preSolution
		HideSolutionNode = FALSE
	EndGlobalSection
	GlobalSection(ExtensibilityGlobals) = postSolution
		SolutionGuid = {9BCFDE34-EF71-486C-9B83-D2B2EBF9354D}
	EndGlobalSection
EndGlobal
