
Microsoft Visual Studio Solution File, Format Version 12.00
# Visual Studio 15
VisualStudioVersion = 15.0.28307.1927
MinimumVisualStudioVersion = 10.0.40219.1
Project("{FAE04EC0-301F-11D3-BF4B-00C04F79EFBC}") = "cokSecimliListeler", "cokSecimliListeler\cokSecimliListeler.csproj", "{7C8A0B8E-A616-44EC-AB73-7D548FFB9A00}"
EndProject
Global
	GlobalSection(SolutionConfigurationPlatforms) = preSolution
		Debug|Any CPU = Debug|Any CPU
		Release|Any CPU = Release|Any CPU
	EndGlobalSection
	GlobalSection(ProjectConfigurationPlatforms) = postSolution
		{7C8A0B8E-A616-44EC-AB73-7D548FFB9A00}.Debug|Any CPU.ActiveCfg = Debug|Any CPU
		{7C8A0B8E-A616-44EC-AB73-7D548FFB9A00}.Debug|Any CPU.Build.0 = Debug|Any CPU
		{7C8A0B8E-A616-44EC-AB73-7D548FFB9A00}.Release|Any CPU.ActiveCfg = Release|Any CPU
		{7C8A0B8E-A616-44EC-AB73-7D548FFB9A00}.Release|Any CPU.Build.0 = Release|Any CPU
	EndGlobalSection
	GlobalSection(SolutionProperties) = preSolution
		HideSolutionNode = FALSE
	EndGlobalSection
	GlobalSection(ExtensibilityGlobals) = postSolution
		SolutionGuid = {CF325EC2-3325-4664-99E8-2DB6E514B3CF}
	EndGlobalSection
EndGlobal
