
Microsoft Visual Studio Solution File, Format Version 12.00
# Visual Studio Version 16
VisualStudioVersion = 16.0.33130.400
MinimumVisualStudioVersion = 10.0.40219.1
Project("{FAE04EC0-301F-11D3-BF4B-00C04F79EFBC}") = "PathSinifi-Sayfa224", "PathSinifi-Sayfa224\PathSinifi-Sayfa224.csproj", "{C884E618-7CDF-455A-B16A-3350C837EA73}"
EndProject
Global
	GlobalSection(SolutionConfigurationPlatforms) = preSolution
		Debug|Any CPU = Debug|Any CPU
		Release|Any CPU = Release|Any CPU
	EndGlobalSection
	GlobalSection(ProjectConfigurationPlatforms) = postSolution
		{C884E618-7CDF-455A-B16A-3350C837EA73}.Debug|Any CPU.ActiveCfg = Debug|Any CPU
		{C884E618-7CDF-455A-B16A-3350C837EA73}.Debug|Any CPU.Build.0 = Debug|Any CPU
		{C884E618-7CDF-455A-B16A-3350C837EA73}.Release|Any CPU.ActiveCfg = Release|Any CPU
		{C884E618-7CDF-455A-B16A-3350C837EA73}.Release|Any CPU.Build.0 = Release|Any CPU
	EndGlobalSection
	GlobalSection(SolutionProperties) = preSolution
		HideSolutionNode = FALSE
	EndGlobalSection
	GlobalSection(ExtensibilityGlobals) = postSolution
		SolutionGuid = {69FAF25F-3CD1-4C2A-AF6C-2A8FE6646AF3}
	EndGlobalSection
EndGlobal
