
Microsoft Visual Studio Solution File, Format Version 12.00
# Visual Studio Version 16
VisualStudioVersion = 16.0.33130.400
MinimumVisualStudioVersion = 10.0.40219.1
Project("{FAE04EC0-301F-11D3-BF4B-00C04F79EFBC}") = "LinkClicked-Sayfa109-110", "LinkClicked-Sayfa109-110\LinkClicked-Sayfa109-110.csproj", "{177177E3-B6C2-4CE4-9901-CE78B3881F28}"
EndProject
Global
	GlobalSection(SolutionConfigurationPlatforms) = preSolution
		Debug|Any CPU = Debug|Any CPU
		Release|Any CPU = Release|Any CPU
	EndGlobalSection
	GlobalSection(ProjectConfigurationPlatforms) = postSolution
		{177177E3-B6C2-4CE4-9901-CE78B3881F28}.Debug|Any CPU.ActiveCfg = Debug|Any CPU
		{177177E3-B6C2-4CE4-9901-CE78B3881F28}.Debug|Any CPU.Build.0 = Debug|Any CPU
		{177177E3-B6C2-4CE4-9901-CE78B3881F28}.Release|Any CPU.ActiveCfg = Release|Any CPU
		{177177E3-B6C2-4CE4-9901-CE78B3881F28}.Release|Any CPU.Build.0 = Release|Any CPU
	EndGlobalSection
	GlobalSection(SolutionProperties) = preSolution
		HideSolutionNode = FALSE
	EndGlobalSection
	GlobalSection(ExtensibilityGlobals) = postSolution
		SolutionGuid = {B649AF88-4077-4875-B309-9BB6B89AB7E8}
	EndGlobalSection
EndGlobal
