
Microsoft Visual Studio Solution File, Format Version 12.00
# Visual Studio Version 16
VisualStudioVersion = 16.0.33130.400
MinimumVisualStudioVersion = 10.0.40219.1
Project("{FAE04EC0-301F-11D3-BF4B-00C04F79EFBC}") = "DosyaYazmaOkuma-Sayfa226-227", "DosyaYazmaOkuma-Sayfa226-227\DosyaYazmaOkuma-Sayfa226-227.csproj", "{7F68BFF0-0616-4181-AFDD-782D8693E298}"
EndProject
Global
	GlobalSection(SolutionConfigurationPlatforms) = preSolution
		Debug|Any CPU = Debug|Any CPU
		Release|Any CPU = Release|Any CPU
	EndGlobalSection
	GlobalSection(ProjectConfigurationPlatforms) = postSolution
		{7F68BFF0-0616-4181-AFDD-782D8693E298}.Debug|Any CPU.ActiveCfg = Debug|Any CPU
		{7F68BFF0-0616-4181-AFDD-782D8693E298}.Debug|Any CPU.Build.0 = Debug|Any CPU
		{7F68BFF0-0616-4181-AFDD-782D8693E298}.Release|Any CPU.ActiveCfg = Release|Any CPU
		{7F68BFF0-0616-4181-AFDD-782D8693E298}.Release|Any CPU.Build.0 = Release|Any CPU
	EndGlobalSection
	GlobalSection(SolutionProperties) = preSolution
		HideSolutionNode = FALSE
	EndGlobalSection
	GlobalSection(ExtensibilityGlobals) = postSolution
		SolutionGuid = {6B83CE85-F73C-4902-B3DC-C2584F000580}
	EndGlobalSection
EndGlobal
