
Microsoft Visual Studio Solution File, Format Version 12.00
# Visual Studio Version 16
VisualStudioVersion = 16.0.33130.400
MinimumVisualStudioVersion = 10.0.40219.1
Project("{FAE04EC0-301F-11D3-BF4B-00C04F79EFBC}") = "ResimleriYazdirma-Sayfa181-182", "ResimleriYazdirma-Sayfa181-182\ResimleriYazdirma-Sayfa181-182.csproj", "{9BA2D264-8FA5-4FDB-B6FA-6F5FAA73995D}"
EndProject
Global
	GlobalSection(SolutionConfigurationPlatforms) = preSolution
		Debug|Any CPU = Debug|Any CPU
		Release|Any CPU = Release|Any CPU
	EndGlobalSection
	GlobalSection(ProjectConfigurationPlatforms) = postSolution
		{9BA2D264-8FA5-4FDB-B6FA-6F5FAA73995D}.Debug|Any CPU.ActiveCfg = Debug|Any CPU
		{9BA2D264-8FA5-4FDB-B6FA-6F5FAA73995D}.Debug|Any CPU.Build.0 = Debug|Any CPU
		{9BA2D264-8FA5-4FDB-B6FA-6F5FAA73995D}.Release|Any CPU.ActiveCfg = Release|Any CPU
		{9BA2D264-8FA5-4FDB-B6FA-6F5FAA73995D}.Release|Any CPU.Build.0 = Release|Any CPU
	EndGlobalSection
	GlobalSection(SolutionProperties) = preSolution
		HideSolutionNode = FALSE
	EndGlobalSection
	GlobalSection(ExtensibilityGlobals) = postSolution
		SolutionGuid = {80D406BA-D2ED-45DF-9BFF-903B80F79017}
	EndGlobalSection
EndGlobal
