
Microsoft Visual Studio Solution File, Format Version 12.00
# Visual Studio Version 16
VisualStudioVersion = 16.0.33130.400
MinimumVisualStudioVersion = 10.0.40219.1
Project("{FAE04EC0-301F-11D3-BF4B-00C04F79EFBC}") = "FontlarDizisi-Sayfa64", "FontlarDizisi-Sayfa64\FontlarDizisi-Sayfa64.csproj", "{2EC3008C-46D4-47AC-BB06-18D114725C6F}"
EndProject
Global
	GlobalSection(SolutionConfigurationPlatforms) = preSolution
		Debug|Any CPU = Debug|Any CPU
		Release|Any CPU = Release|Any CPU
	EndGlobalSection
	GlobalSection(ProjectConfigurationPlatforms) = postSolution
		{2EC3008C-46D4-47AC-BB06-18D114725C6F}.Debug|Any CPU.ActiveCfg = Debug|Any CPU
		{2EC3008C-46D4-47AC-BB06-18D114725C6F}.Debug|Any CPU.Build.0 = Debug|Any CPU
		{2EC3008C-46D4-47AC-BB06-18D114725C6F}.Release|Any CPU.ActiveCfg = Release|Any CPU
		{2EC3008C-46D4-47AC-BB06-18D114725C6F}.Release|Any CPU.Build.0 = Release|Any CPU
	EndGlobalSection
	GlobalSection(SolutionProperties) = preSolution
		HideSolutionNode = FALSE
	EndGlobalSection
	GlobalSection(ExtensibilityGlobals) = postSolution
		SolutionGuid = {D2820463-ADDE-47B5-8265-B4728C79E66D}
	EndGlobalSection
EndGlobal
