
Microsoft Visual Studio Solution File, Format Version 12.00
# Visual Studio 15
VisualStudioVersion = 15.0.28307.1927
MinimumVisualStudioVersion = 10.0.40219.1
Project("{FAE04EC0-301F-11D3-BF4B-00C04F79EFBC}") = "sayfa43-olaylaraOrtakKodYazma", "sayfa43-olaylaraOrtakKodYazma\sayfa43-olaylaraOrtakKodYazma.csproj", "{4F2D3FEF-7D7C-4948-BCE4-A0743B309468}"
EndProject
Global
	GlobalSection(SolutionConfigurationPlatforms) = preSolution
		Debug|Any CPU = Debug|Any CPU
		Release|Any CPU = Release|Any CPU
	EndGlobalSection
	GlobalSection(ProjectConfigurationPlatforms) = postSolution
		{4F2D3FEF-7D7C-4948-BCE4-A0743B309468}.Debug|Any CPU.ActiveCfg = Debug|Any CPU
		{4F2D3FEF-7D7C-4948-BCE4-A0743B309468}.Debug|Any CPU.Build.0 = Debug|Any CPU
		{4F2D3FEF-7D7C-4948-BCE4-A0743B309468}.Release|Any CPU.ActiveCfg = Release|Any CPU
		{4F2D3FEF-7D7C-4948-BCE4-A0743B309468}.Release|Any CPU.Build.0 = Release|Any CPU
	EndGlobalSection
	GlobalSection(SolutionProperties) = preSolution
		HideSolutionNode = FALSE
	EndGlobalSection
	GlobalSection(ExtensibilityGlobals) = postSolution
		SolutionGuid = {9285FB6B-E696-4140-8EB6-E01C36D29F36}
	EndGlobalSection
EndGlobal
