
Microsoft Visual Studio Solution File, Format Version 12.00
# Visual Studio Version 16
VisualStudioVersion = 16.0.33130.400
MinimumVisualStudioVersion = 10.0.40219.1
Project("{FAE04EC0-301F-11D3-BF4B-00C04F79EFBC}") = "BeginUpdate-Sayfa137-138", "BeginUpdate-Sayfa137-138\BeginUpdate-Sayfa137-138.csproj", "{7E3EFB4D-29A7-4669-A0B2-3A534BC4142D}"
EndProject
Global
	GlobalSection(SolutionConfigurationPlatforms) = preSolution
		Debug|Any CPU = Debug|Any CPU
		Release|Any CPU = Release|Any CPU
	EndGlobalSection
	GlobalSection(ProjectConfigurationPlatforms) = postSolution
		{7E3EFB4D-29A7-4669-A0B2-3A534BC4142D}.Debug|Any CPU.ActiveCfg = Debug|Any CPU
		{7E3EFB4D-29A7-4669-A0B2-3A534BC4142D}.Debug|Any CPU.Build.0 = Debug|Any CPU
		{7E3EFB4D-29A7-4669-A0B2-3A534BC4142D}.Release|Any CPU.ActiveCfg = Release|Any CPU
		{7E3EFB4D-29A7-4669-A0B2-3A534BC4142D}.Release|Any CPU.Build.0 = Release|Any CPU
	EndGlobalSection
	GlobalSection(SolutionProperties) = preSolution
		HideSolutionNode = FALSE
	EndGlobalSection
	GlobalSection(ExtensibilityGlobals) = postSolution
		SolutionGuid = {8AD94A0D-3BAE-407D-8137-74279078A0F6}
	EndGlobalSection
EndGlobal
