
Microsoft Visual Studio Solution File, Format Version 12.00
# Visual Studio Version 16
VisualStudioVersion = 16.0.33130.400
MinimumVisualStudioVersion = 10.0.40219.1
Project("{FAE04EC0-301F-11D3-BF4B-00C04F79EFBC}") = "Sayfa103", "Sayfa103\Sayfa103.csproj", "{E4CAB7D9-7C2B-46A6-A51C-A0D6B9573D20}"
EndProject
Global
	GlobalSection(SolutionConfigurationPlatforms) = preSolution
		Debug|Any CPU = Debug|Any CPU
		Release|Any CPU = Release|Any CPU
	EndGlobalSection
	GlobalSection(ProjectConfigurationPlatforms) = postSolution
		{E4CAB7D9-7C2B-46A6-A51C-A0D6B9573D20}.Debug|Any CPU.ActiveCfg = Debug|Any CPU
		{E4CAB7D9-7C2B-46A6-A51C-A0D6B9573D20}.Debug|Any CPU.Build.0 = Debug|Any CPU
		{E4CAB7D9-7C2B-46A6-A51C-A0D6B9573D20}.Release|Any CPU.ActiveCfg = Release|Any CPU
		{E4CAB7D9-7C2B-46A6-A51C-A0D6B9573D20}.Release|Any CPU.Build.0 = Release|Any CPU
	EndGlobalSection
	GlobalSection(SolutionProperties) = preSolution
		HideSolutionNode = FALSE
	EndGlobalSection
	GlobalSection(ExtensibilityGlobals) = postSolution
		SolutionGuid = {1475F366-254D-4930-8385-DC55E05B55F6}
	EndGlobalSection
EndGlobal
