
Microsoft Visual Studio Solution File, Format Version 12.00
# Visual Studio Version 17
VisualStudioVersion = 17.4.33205.214
MinimumVisualStudioVersion = 10.0.40219.1
Project("{FAE04EC0-301F-11D3-BF4B-00C04F79EFBC}") = "Sayfa236-237", "Sayfa236-237\Sayfa236-237.csproj", "{149E96F4-6B4C-492F-B1E9-A856CFE867FB}"
EndProject
Global
	GlobalSection(SolutionConfigurationPlatforms) = preSolution
		Debug|Any CPU = Debug|Any CPU
		Release|Any CPU = Release|Any CPU
	EndGlobalSection
	GlobalSection(ProjectConfigurationPlatforms) = postSolution
		{149E96F4-6B4C-492F-B1E9-A856CFE867FB}.Debug|Any CPU.ActiveCfg = Debug|Any CPU
		{149E96F4-6B4C-492F-B1E9-A856CFE867FB}.Debug|Any CPU.Build.0 = Debug|Any CPU
		{149E96F4-6B4C-492F-B1E9-A856CFE867FB}.Release|Any CPU.ActiveCfg = Release|Any CPU
		{149E96F4-6B4C-492F-B1E9-A856CFE867FB}.Release|Any CPU.Build.0 = Release|Any CPU
	EndGlobalSection
	GlobalSection(SolutionProperties) = preSolution
		HideSolutionNode = FALSE
	EndGlobalSection
	GlobalSection(ExtensibilityGlobals) = postSolution
		SolutionGuid = {7A2C0E30-C33E-434E-B5D4-9C1AD818341B}
	EndGlobalSection
EndGlobal
