
Microsoft Visual Studio Solution File, Format Version 12.00
# Visual Studio 15
VisualStudioVersion = 15.0.28307.1927
MinimumVisualStudioVersion = 10.0.40219.1
Project("{FAE04EC0-301F-11D3-BF4B-00C04F79EFBC}") = "Contains-Findstring-Sayfa124-125", "Contains-Findstring-Sayfa124-125\Contains-Findstring-Sayfa124-125.csproj", "{737B8F10-C991-49CD-B932-2B3661226514}"
EndProject
Global
	GlobalSection(SolutionConfigurationPlatforms) = preSolution
		Debug|Any CPU = Debug|Any CPU
		Release|Any CPU = Release|Any CPU
	EndGlobalSection
	GlobalSection(ProjectConfigurationPlatforms) = postSolution
		{737B8F10-C991-49CD-B932-2B3661226514}.Debug|Any CPU.ActiveCfg = Debug|Any CPU
		{737B8F10-C991-49CD-B932-2B3661226514}.Debug|Any CPU.Build.0 = Debug|Any CPU
		{737B8F10-C991-49CD-B932-2B3661226514}.Release|Any CPU.ActiveCfg = Release|Any CPU
		{737B8F10-C991-49CD-B932-2B3661226514}.Release|Any CPU.Build.0 = Release|Any CPU
	EndGlobalSection
	GlobalSection(SolutionProperties) = preSolution
		HideSolutionNode = FALSE
	EndGlobalSection
	GlobalSection(ExtensibilityGlobals) = postSolution
		SolutionGuid = {56BF9193-D65F-489A-B355-D681E11EF1DF}
	EndGlobalSection
EndGlobal
