
Microsoft Visual Studio Solution File, Format Version 12.00
# Visual Studio Version 16
VisualStudioVersion = 16.0.33130.400
MinimumVisualStudioVersion = 10.0.40219.1
Project("{FAE04EC0-301F-11D3-BF4B-00C04F79EFBC}") = "comboBoxCokBilgiGosterme-Sayfa144-145", "comboBoxCokBilgiGosterme-Sayfa144-145\comboBoxCokBilgiGosterme-Sayfa144-145.csproj", "{1757AE7F-F9E5-4042-9E12-30D68AED3096}"
EndProject
Global
	GlobalSection(SolutionConfigurationPlatforms) = preSolution
		Debug|Any CPU = Debug|Any CPU
		Release|Any CPU = Release|Any CPU
	EndGlobalSection
	GlobalSection(ProjectConfigurationPlatforms) = postSolution
		{1757AE7F-F9E5-4042-9E12-30D68AED3096}.Debug|Any CPU.ActiveCfg = Debug|Any CPU
		{1757AE7F-F9E5-4042-9E12-30D68AED3096}.Debug|Any CPU.Build.0 = Debug|Any CPU
		{1757AE7F-F9E5-4042-9E12-30D68AED3096}.Release|Any CPU.ActiveCfg = Release|Any CPU
		{1757AE7F-F9E5-4042-9E12-30D68AED3096}.Release|Any CPU.Build.0 = Release|Any CPU
	EndGlobalSection
	GlobalSection(SolutionProperties) = preSolution
		HideSolutionNode = FALSE
	EndGlobalSection
	GlobalSection(ExtensibilityGlobals) = postSolution
		SolutionGuid = {289BD789-DF21-4E9B-8098-EEA105FED42F}
	EndGlobalSection
EndGlobal
