
Microsoft Visual Studio Solution File, Format Version 12.00
# Visual Studio 15
VisualStudioVersion = 15.0.28307.1927
MinimumVisualStudioVersion = 10.0.40219.1
Project("{FAE04EC0-301F-11D3-BF4B-00C04F79EFBC}") = "ÇokSatırlıMesajPenceleri-Sayfa56", "ÇokSatırlıMesajPenceleri-Sayfa56\ÇokSatırlıMesajPenceleri-Sayfa56.csproj", "{694D06A2-15F6-44F2-BFC2-02D0DAE11DF7}"
EndProject
Global
	GlobalSection(SolutionConfigurationPlatforms) = preSolution
		Debug|Any CPU = Debug|Any CPU
		Release|Any CPU = Release|Any CPU
	EndGlobalSection
	GlobalSection(ProjectConfigurationPlatforms) = postSolution
		{694D06A2-15F6-44F2-BFC2-02D0DAE11DF7}.Debug|Any CPU.ActiveCfg = Debug|Any CPU
		{694D06A2-15F6-44F2-BFC2-02D0DAE11DF7}.Debug|Any CPU.Build.0 = Debug|Any CPU
		{694D06A2-15F6-44F2-BFC2-02D0DAE11DF7}.Release|Any CPU.ActiveCfg = Release|Any CPU
		{694D06A2-15F6-44F2-BFC2-02D0DAE11DF7}.Release|Any CPU.Build.0 = Release|Any CPU
	EndGlobalSection
	GlobalSection(SolutionProperties) = preSolution
		HideSolutionNode = FALSE
	EndGlobalSection
	GlobalSection(ExtensibilityGlobals) = postSolution
		SolutionGuid = {23DC505A-15D4-4BF1-A7F4-EBF44784D511}
	EndGlobalSection
EndGlobal
