
Microsoft Visual Studio Solution File, Format Version 12.00
# Visual Studio Version 16
VisualStudioVersion = 16.0.33130.400
MinimumVisualStudioVersion = 10.0.40219.1
Project("{FAE04EC0-301F-11D3-BF4B-00C04F79EFBC}") = "SayiTopla-Sayfa98", "SayiTopla-Sayfa98\SayiTopla-Sayfa98.csproj", "{348DE7D9-020E-4844-94D7-B996FC677545}"
EndProject
Global
	GlobalSection(SolutionConfigurationPlatforms) = preSolution
		Debug|Any CPU = Debug|Any CPU
		Release|Any CPU = Release|Any CPU
	EndGlobalSection
	GlobalSection(ProjectConfigurationPlatforms) = postSolution
		{348DE7D9-020E-4844-94D7-B996FC677545}.Debug|Any CPU.ActiveCfg = Debug|Any CPU
		{348DE7D9-020E-4844-94D7-B996FC677545}.Debug|Any CPU.Build.0 = Debug|Any CPU
		{348DE7D9-020E-4844-94D7-B996FC677545}.Release|Any CPU.ActiveCfg = Release|Any CPU
		{348DE7D9-020E-4844-94D7-B996FC677545}.Release|Any CPU.Build.0 = Release|Any CPU
	EndGlobalSection
	GlobalSection(SolutionProperties) = preSolution
		HideSolutionNode = FALSE
	EndGlobalSection
	GlobalSection(ExtensibilityGlobals) = postSolution
		SolutionGuid = {A85F41CC-DB89-4E40-8211-25A712543B29}
	EndGlobalSection
EndGlobal
