
Microsoft Visual Studio Solution File, Format Version 12.00
# Visual Studio Version 16
VisualStudioVersion = 16.0.33130.400
MinimumVisualStudioVersion = 10.0.40219.1
Project("{FAE04EC0-301F-11D3-BF4B-00C04F79EFBC}") = "HelpProvider-Sayfa217", "HelpProvider-Sayfa217\HelpProvider-Sayfa217.csproj", "{BCBC5B7E-9A48-4F0A-BA1F-A075D02C1280}"
EndProject
Global
	GlobalSection(SolutionConfigurationPlatforms) = preSolution
		Debug|Any CPU = Debug|Any CPU
		Release|Any CPU = Release|Any CPU
	EndGlobalSection
	GlobalSection(ProjectConfigurationPlatforms) = postSolution
		{BCBC5B7E-9A48-4F0A-BA1F-A075D02C1280}.Debug|Any CPU.ActiveCfg = Debug|Any CPU
		{BCBC5B7E-9A48-4F0A-BA1F-A075D02C1280}.Debug|Any CPU.Build.0 = Debug|Any CPU
		{BCBC5B7E-9A48-4F0A-BA1F-A075D02C1280}.Release|Any CPU.ActiveCfg = Release|Any CPU
		{BCBC5B7E-9A48-4F0A-BA1F-A075D02C1280}.Release|Any CPU.Build.0 = Release|Any CPU
	EndGlobalSection
	GlobalSection(SolutionProperties) = preSolution
		HideSolutionNode = FALSE
	EndGlobalSection
	GlobalSection(ExtensibilityGlobals) = postSolution
		SolutionGuid = {0238ED90-3F72-425A-8470-51698621EEAE}
	EndGlobalSection
EndGlobal
