
Microsoft Visual Studio Solution File, Format Version 12.00
# Visual Studio Version 16
VisualStudioVersion = 16.0.33130.400
MinimumVisualStudioVersion = 10.0.40219.1
Project("{FAE04EC0-301F-11D3-BF4B-00C04F79EFBC}") = "ResimSecme-Sayfa155-157", "ResimSecme-Sayfa155-157\ResimSecme-Sayfa155-157.csproj", "{022CA1C6-B6B6-49F3-8952-A2F2C47BBFE0}"
EndProject
Global
	GlobalSection(SolutionConfigurationPlatforms) = preSolution
		Debug|Any CPU = Debug|Any CPU
		Release|Any CPU = Release|Any CPU
	EndGlobalSection
	GlobalSection(ProjectConfigurationPlatforms) = postSolution
		{022CA1C6-B6B6-49F3-8952-A2F2C47BBFE0}.Debug|Any CPU.ActiveCfg = Debug|Any CPU
		{022CA1C6-B6B6-49F3-8952-A2F2C47BBFE0}.Debug|Any CPU.Build.0 = Debug|Any CPU
		{022CA1C6-B6B6-49F3-8952-A2F2C47BBFE0}.Release|Any CPU.ActiveCfg = Release|Any CPU
		{022CA1C6-B6B6-49F3-8952-A2F2C47BBFE0}.Release|Any CPU.Build.0 = Release|Any CPU
	EndGlobalSection
	GlobalSection(SolutionProperties) = preSolution
		HideSolutionNode = FALSE
	EndGlobalSection
	GlobalSection(ExtensibilityGlobals) = postSolution
		SolutionGuid = {7C6803E8-3FE8-40D0-86E2-CDD7ED1FE75E}
	EndGlobalSection
EndGlobal
