
Microsoft Visual Studio Solution File, Format Version 12.00
# Visual Studio Version 16
VisualStudioVersion = 16.0.33130.400
MinimumVisualStudioVersion = 10.0.40219.1
Project("{FAE04EC0-301F-11D3-BF4B-00C04F79EFBC}") = "ErrorProvider-Sayfa218", "ErrorProvider-Sayfa218\ErrorProvider-Sayfa218.csproj", "{37D10BD1-1BC8-450B-AB55-378F2D9B11FF}"
EndProject
Global
	GlobalSection(SolutionConfigurationPlatforms) = preSolution
		Debug|Any CPU = Debug|Any CPU
		Release|Any CPU = Release|Any CPU
	EndGlobalSection
	GlobalSection(ProjectConfigurationPlatforms) = postSolution
		{37D10BD1-1BC8-450B-AB55-378F2D9B11FF}.Debug|Any CPU.ActiveCfg = Debug|Any CPU
		{37D10BD1-1BC8-450B-AB55-378F2D9B11FF}.Debug|Any CPU.Build.0 = Debug|Any CPU
		{37D10BD1-1BC8-450B-AB55-378F2D9B11FF}.Release|Any CPU.ActiveCfg = Release|Any CPU
		{37D10BD1-1BC8-450B-AB55-378F2D9B11FF}.Release|Any CPU.Build.0 = Release|Any CPU
	EndGlobalSection
	GlobalSection(SolutionProperties) = preSolution
		HideSolutionNode = FALSE
	EndGlobalSection
	GlobalSection(ExtensibilityGlobals) = postSolution
		SolutionGuid = {7D43289D-5D77-4F6B-9943-B352A4038B90}
	EndGlobalSection
EndGlobal
