
Microsoft Visual Studio Solution File, Format Version 12.00
# Visual Studio Version 16
VisualStudioVersion = 16.0.33130.400
MinimumVisualStudioVersion = 10.0.40219.1
Project("{FAE04EC0-301F-11D3-BF4B-00C04F79EFBC}") = "DirectorySinifi-Sayfa223", "DirectorySinifi-Sayfa223\DirectorySinifi-Sayfa223.csproj", "{D022C852-1D91-4840-8177-02B878C35C14}"
EndProject
Global
	GlobalSection(SolutionConfigurationPlatforms) = preSolution
		Debug|Any CPU = Debug|Any CPU
		Release|Any CPU = Release|Any CPU
	EndGlobalSection
	GlobalSection(ProjectConfigurationPlatforms) = postSolution
		{D022C852-1D91-4840-8177-02B878C35C14}.Debug|Any CPU.ActiveCfg = Debug|Any CPU
		{D022C852-1D91-4840-8177-02B878C35C14}.Debug|Any CPU.Build.0 = Debug|Any CPU
		{D022C852-1D91-4840-8177-02B878C35C14}.Release|Any CPU.ActiveCfg = Release|Any CPU
		{D022C852-1D91-4840-8177-02B878C35C14}.Release|Any CPU.Build.0 = Release|Any CPU
	EndGlobalSection
	GlobalSection(SolutionProperties) = preSolution
		HideSolutionNode = FALSE
	EndGlobalSection
	GlobalSection(ExtensibilityGlobals) = postSolution
		SolutionGuid = {F85BEAC9-757D-4928-A1EE-751165DD1158}
	EndGlobalSection
EndGlobal
