
Microsoft Visual Studio Solution File, Format Version 12.00
# Visual Studio 15
VisualStudioVersion = 15.0.28307.1927
MinimumVisualStudioVersion = 10.0.40219.1
Project("{FAE04EC0-301F-11D3-BF4B-00C04F79EFBC}") = "Tooltip-112-113", "Tooltip-112-113\Tooltip-112-113.csproj", "{65CCC8B2-3DFA-4558-92A1-57D593E44886}"
EndProject
Global
	GlobalSection(SolutionConfigurationPlatforms) = preSolution
		Debug|Any CPU = Debug|Any CPU
		Release|Any CPU = Release|Any CPU
	EndGlobalSection
	GlobalSection(ProjectConfigurationPlatforms) = postSolution
		{65CCC8B2-3DFA-4558-92A1-57D593E44886}.Debug|Any CPU.ActiveCfg = Debug|Any CPU
		{65CCC8B2-3DFA-4558-92A1-57D593E44886}.Debug|Any CPU.Build.0 = Debug|Any CPU
		{65CCC8B2-3DFA-4558-92A1-57D593E44886}.Release|Any CPU.ActiveCfg = Release|Any CPU
		{65CCC8B2-3DFA-4558-92A1-57D593E44886}.Release|Any CPU.Build.0 = Release|Any CPU
	EndGlobalSection
	GlobalSection(SolutionProperties) = preSolution
		HideSolutionNode = FALSE
	EndGlobalSection
	GlobalSection(ExtensibilityGlobals) = postSolution
		SolutionGuid = {7663D0CF-8142-4729-9463-629E672DB953}
	EndGlobalSection
EndGlobal
