
Microsoft Visual Studio Solution File, Format Version 12.00
# Visual Studio Version 16
VisualStudioVersion = 16.0.33130.400
MinimumVisualStudioVersion = 10.0.40219.1
Project("{FAE04EC0-301F-11D3-BF4B-00C04F79EFBC}") = "PasswordChar-Sayfa103-104", "PasswordChar-Sayfa103-104\PasswordChar-Sayfa103-104.csproj", "{D79B7316-033C-42F0-ACAF-C62F945B7C17}"
EndProject
Global
	GlobalSection(SolutionConfigurationPlatforms) = preSolution
		Debug|Any CPU = Debug|Any CPU
		Release|Any CPU = Release|Any CPU
	EndGlobalSection
	GlobalSection(ProjectConfigurationPlatforms) = postSolution
		{D79B7316-033C-42F0-ACAF-C62F945B7C17}.Debug|Any CPU.ActiveCfg = Debug|Any CPU
		{D79B7316-033C-42F0-ACAF-C62F945B7C17}.Debug|Any CPU.Build.0 = Debug|Any CPU
		{D79B7316-033C-42F0-ACAF-C62F945B7C17}.Release|Any CPU.ActiveCfg = Release|Any CPU
		{D79B7316-033C-42F0-ACAF-C62F945B7C17}.Release|Any CPU.Build.0 = Release|Any CPU
	EndGlobalSection
	GlobalSection(SolutionProperties) = preSolution
		HideSolutionNode = FALSE
	EndGlobalSection
	GlobalSection(ExtensibilityGlobals) = postSolution
		SolutionGuid = {0F9B96F7-F1FD-4C14-9F11-38717D7F4A68}
	EndGlobalSection
EndGlobal
