
Microsoft Visual Studio Solution File, Format Version 12.00
# Visual Studio Version 16
VisualStudioVersion = 16.0.33130.400
MinimumVisualStudioVersion = 10.0.40219.1
Project("{FAE04EC0-301F-11D3-BF4B-00C04F79EFBC}") = "DosyadanOku-Sayfa227", "DosyadanOku-Sayfa227\DosyadanOku-Sayfa227.csproj", "{BFF3E4F6-FD91-40F9-9B54-80A2B443CB26}"
EndProject
Global
	GlobalSection(SolutionConfigurationPlatforms) = preSolution
		Debug|Any CPU = Debug|Any CPU
		Release|Any CPU = Release|Any CPU
	EndGlobalSection
	GlobalSection(ProjectConfigurationPlatforms) = postSolution
		{BFF3E4F6-FD91-40F9-9B54-80A2B443CB26}.Debug|Any CPU.ActiveCfg = Debug|Any CPU
		{BFF3E4F6-FD91-40F9-9B54-80A2B443CB26}.Debug|Any CPU.Build.0 = Debug|Any CPU
		{BFF3E4F6-FD91-40F9-9B54-80A2B443CB26}.Release|Any CPU.ActiveCfg = Release|Any CPU
		{BFF3E4F6-FD91-40F9-9B54-80A2B443CB26}.Release|Any CPU.Build.0 = Release|Any CPU
	EndGlobalSection
	GlobalSection(SolutionProperties) = preSolution
		HideSolutionNode = FALSE
	EndGlobalSection
	GlobalSection(ExtensibilityGlobals) = postSolution
		SolutionGuid = {FEA09ED9-77D1-4848-B679-829B24EAB168}
	EndGlobalSection
EndGlobal
