
Microsoft Visual Studio Solution File, Format Version 12.00
# Visual Studio Version 16
VisualStudioVersion = 16.0.33130.400
MinimumVisualStudioVersion = 10.0.40219.1
Project("{FAE04EC0-301F-11D3-BF4B-00C04F79EFBC}") = "PiksellerUzerindeCalisma-Sayfa158-159", "PiksellerUzerindeCalisma-Sayfa158-159\PiksellerUzerindeCalisma-Sayfa158-159.csproj", "{7408C57F-4149-45BF-B77B-F22FB5AE33A2}"
EndProject
Global
	GlobalSection(SolutionConfigurationPlatforms) = preSolution
		Debug|Any CPU = Debug|Any CPU
		Release|Any CPU = Release|Any CPU
	EndGlobalSection
	GlobalSection(ProjectConfigurationPlatforms) = postSolution
		{7408C57F-4149-45BF-B77B-F22FB5AE33A2}.Debug|Any CPU.ActiveCfg = Debug|Any CPU
		{7408C57F-4149-45BF-B77B-F22FB5AE33A2}.Debug|Any CPU.Build.0 = Debug|Any CPU
		{7408C57F-4149-45BF-B77B-F22FB5AE33A2}.Release|Any CPU.ActiveCfg = Release|Any CPU
		{7408C57F-4149-45BF-B77B-F22FB5AE33A2}.Release|Any CPU.Build.0 = Release|Any CPU
	EndGlobalSection
	GlobalSection(SolutionProperties) = preSolution
		HideSolutionNode = FALSE
	EndGlobalSection
	GlobalSection(ExtensibilityGlobals) = postSolution
		SolutionGuid = {FFE32E6F-E12F-4FE7-B5DF-5EF6A7FB1138}
	EndGlobalSection
EndGlobal
