
Microsoft Visual Studio Solution File, Format Version 12.00
# Visual Studio Version 16
VisualStudioVersion = 16.0.33130.400
MinimumVisualStudioVersion = 10.0.40219.1
Project("{FAE04EC0-301F-11D3-BF4B-00C04F79EFBC}") = "RotateFlip-Sayfa160", "RotateFlip-Sayfa160\RotateFlip-Sayfa160.csproj", "{35B224CA-8849-4F79-9066-9D8AADD1A08C}"
EndProject
Global
	GlobalSection(SolutionConfigurationPlatforms) = preSolution
		Debug|Any CPU = Debug|Any CPU
		Release|Any CPU = Release|Any CPU
	EndGlobalSection
	GlobalSection(ProjectConfigurationPlatforms) = postSolution
		{35B224CA-8849-4F79-9066-9D8AADD1A08C}.Debug|Any CPU.ActiveCfg = Debug|Any CPU
		{35B224CA-8849-4F79-9066-9D8AADD1A08C}.Debug|Any CPU.Build.0 = Debug|Any CPU
		{35B224CA-8849-4F79-9066-9D8AADD1A08C}.Release|Any CPU.ActiveCfg = Release|Any CPU
		{35B224CA-8849-4F79-9066-9D8AADD1A08C}.Release|Any CPU.Build.0 = Release|Any CPU
	EndGlobalSection
	GlobalSection(SolutionProperties) = preSolution
		HideSolutionNode = FALSE
	EndGlobalSection
	GlobalSection(ExtensibilityGlobals) = postSolution
		SolutionGuid = {B37F8A22-E273-4BF2-BBDC-39CA13581BDF}
	EndGlobalSection
EndGlobal
