
Microsoft Visual Studio Solution File, Format Version 12.00
# Visual Studio Version 16
VisualStudioVersion = 16.0.33130.400
MinimumVisualStudioVersion = 10.0.40219.1
Project("{FAE04EC0-301F-11D3-BF4B-00C04F79EFBC}") = "comboboxArkaPlanRenk-Sayfa143-144", "comboboxArkaPlanRenk-Sayfa143-144\comboboxArkaPlanRenk-Sayfa143-144.csproj", "{AE316031-BB71-458D-8051-7943329BD390}"
EndProject
Global
	GlobalSection(SolutionConfigurationPlatforms) = preSolution
		Debug|Any CPU = Debug|Any CPU
		Release|Any CPU = Release|Any CPU
	EndGlobalSection
	GlobalSection(ProjectConfigurationPlatforms) = postSolution
		{AE316031-BB71-458D-8051-7943329BD390}.Debug|Any CPU.ActiveCfg = Debug|Any CPU
		{AE316031-BB71-458D-8051-7943329BD390}.Debug|Any CPU.Build.0 = Debug|Any CPU
		{AE316031-BB71-458D-8051-7943329BD390}.Release|Any CPU.ActiveCfg = Release|Any CPU
		{AE316031-BB71-458D-8051-7943329BD390}.Release|Any CPU.Build.0 = Release|Any CPU
	EndGlobalSection
	GlobalSection(SolutionProperties) = preSolution
		HideSolutionNode = FALSE
	EndGlobalSection
	GlobalSection(ExtensibilityGlobals) = postSolution
		SolutionGuid = {627577B4-9B71-487F-817A-8B443E22A9AE}
	EndGlobalSection
EndGlobal
