
Microsoft Visual Studio Solution File, Format Version 12.00
# Visual Studio Version 16
VisualStudioVersion = 16.0.33130.400
MinimumVisualStudioVersion = 10.0.40219.1
Project("{FAE04EC0-301F-11D3-BF4B-00C04F79EFBC}") = "DataGridViewBicimlendirme-Sayfa215", "DataGridViewBicimlendirme-Sayfa215\DataGridViewBicimlendirme-Sayfa215.csproj", "{5FD3648F-9479-4D3C-8688-A88541E44AA8}"
EndProject
Global
	GlobalSection(SolutionConfigurationPlatforms) = preSolution
		Debug|Any CPU = Debug|Any CPU
		Release|Any CPU = Release|Any CPU
	EndGlobalSection
	GlobalSection(ProjectConfigurationPlatforms) = postSolution
		{5FD3648F-9479-4D3C-8688-A88541E44AA8}.Debug|Any CPU.ActiveCfg = Debug|Any CPU
		{5FD3648F-9479-4D3C-8688-A88541E44AA8}.Debug|Any CPU.Build.0 = Debug|Any CPU
		{5FD3648F-9479-4D3C-8688-A88541E44AA8}.Release|Any CPU.ActiveCfg = Release|Any CPU
		{5FD3648F-9479-4D3C-8688-A88541E44AA8}.Release|Any CPU.Build.0 = Release|Any CPU
	EndGlobalSection
	GlobalSection(SolutionProperties) = preSolution
		HideSolutionNode = FALSE
	EndGlobalSection
	GlobalSection(ExtensibilityGlobals) = postSolution
		SolutionGuid = {B4FFC754-BB92-420A-A34C-0024FB00A742}
	EndGlobalSection
EndGlobal
