
Microsoft Visual Studio Solution File, Format Version 12.00
# Visual Studio Version 16
VisualStudioVersion = 16.0.33130.400
MinimumVisualStudioVersion = 10.0.40219.1
Project("{FAE04EC0-301F-11D3-BF4B-00C04F79EFBC}") = "KoordinatSistemi-Sayfa232", "KoordinatSistemi-Sayfa232\KoordinatSistemi-Sayfa232.csproj", "{AE7A569D-55DC-441B-B677-755AFAD85D64}"
EndProject
Global
	GlobalSection(SolutionConfigurationPlatforms) = preSolution
		Debug|Any CPU = Debug|Any CPU
		Release|Any CPU = Release|Any CPU
	EndGlobalSection
	GlobalSection(ProjectConfigurationPlatforms) = postSolution
		{AE7A569D-55DC-441B-B677-755AFAD85D64}.Debug|Any CPU.ActiveCfg = Debug|Any CPU
		{AE7A569D-55DC-441B-B677-755AFAD85D64}.Debug|Any CPU.Build.0 = Debug|Any CPU
		{AE7A569D-55DC-441B-B677-755AFAD85D64}.Release|Any CPU.ActiveCfg = Release|Any CPU
		{AE7A569D-55DC-441B-B677-755AFAD85D64}.Release|Any CPU.Build.0 = Release|Any CPU
	EndGlobalSection
	GlobalSection(SolutionProperties) = preSolution
		HideSolutionNode = FALSE
	EndGlobalSection
	GlobalSection(ExtensibilityGlobals) = postSolution
		SolutionGuid = {78E9B1D8-CAAE-46E0-A2B1-F633CA1450FA}
	EndGlobalSection
EndGlobal
