
Microsoft Visual Studio Solution File, Format Version 12.00
# Visual Studio Version 16
VisualStudioVersion = 16.0.33130.400
MinimumVisualStudioVersion = 10.0.40219.1
Project("{FAE04EC0-301F-11D3-BF4B-00C04F79EFBC}") = "ButtonHareket-Sayfa66", "ButtonHareket-Sayfa66\ButtonHareket-Sayfa66.csproj", "{42BC7EA7-157B-44DF-BB75-767754EA0F7D}"
EndProject
Global
	GlobalSection(SolutionConfigurationPlatforms) = preSolution
		Debug|Any CPU = Debug|Any CPU
		Release|Any CPU = Release|Any CPU
	EndGlobalSection
	GlobalSection(ProjectConfigurationPlatforms) = postSolution
		{42BC7EA7-157B-44DF-BB75-767754EA0F7D}.Debug|Any CPU.ActiveCfg = Debug|Any CPU
		{42BC7EA7-157B-44DF-BB75-767754EA0F7D}.Debug|Any CPU.Build.0 = Debug|Any CPU
		{42BC7EA7-157B-44DF-BB75-767754EA0F7D}.Release|Any CPU.ActiveCfg = Release|Any CPU
		{42BC7EA7-157B-44DF-BB75-767754EA0F7D}.Release|Any CPU.Build.0 = Release|Any CPU
	EndGlobalSection
	GlobalSection(SolutionProperties) = preSolution
		HideSolutionNode = FALSE
	EndGlobalSection
	GlobalSection(ExtensibilityGlobals) = postSolution
		SolutionGuid = {765941F6-9C88-4AF5-9C8B-1A6E6CA52F6E}
	EndGlobalSection
EndGlobal
