
Microsoft Visual Studio Solution File, Format Version 12.00
# Visual Studio 15
VisualStudioVersion = 15.0.28307.1927
MinimumVisualStudioVersion = 10.0.40219.1
Project("{FAE04EC0-301F-11D3-BF4B-00C04F79EFBC}") = "sayfa45-HesapMakinesi", "sayfa45-HesapMakinesi\sayfa45-HesapMakinesi.csproj", "{36D9386F-D77B-47DD-8C71-ED82C4958A96}"
EndProject
Global
	GlobalSection(SolutionConfigurationPlatforms) = preSolution
		Debug|Any CPU = Debug|Any CPU
		Release|Any CPU = Release|Any CPU
	EndGlobalSection
	GlobalSection(ProjectConfigurationPlatforms) = postSolution
		{36D9386F-D77B-47DD-8C71-ED82C4958A96}.Debug|Any CPU.ActiveCfg = Debug|Any CPU
		{36D9386F-D77B-47DD-8C71-ED82C4958A96}.Debug|Any CPU.Build.0 = Debug|Any CPU
		{36D9386F-D77B-47DD-8C71-ED82C4958A96}.Release|Any CPU.ActiveCfg = Release|Any CPU
		{36D9386F-D77B-47DD-8C71-ED82C4958A96}.Release|Any CPU.Build.0 = Release|Any CPU
	EndGlobalSection
	GlobalSection(SolutionProperties) = preSolution
		HideSolutionNode = FALSE
	EndGlobalSection
	GlobalSection(ExtensibilityGlobals) = postSolution
		SolutionGuid = {28E875AC-9EC1-4FAA-AB5F-5AFD7EC62A38}
	EndGlobalSection
EndGlobal
