
Microsoft Visual Studio Solution File, Format Version 12.00
# Visual Studio Version 16
VisualStudioVersion = 16.0.33130.400
MinimumVisualStudioVersion = 10.0.40219.1
Project("{FAE04EC0-301F-11D3-BF4B-00C04F79EFBC}") = "PixelFormat-HorizontalResulation-Sayfa161", "PixelFormat-HorizontalResulation-Sayfa161\PixelFormat-HorizontalResulation-Sayfa161.csproj", "{0FCEF986-FBAB-4D30-BFA8-7E26BB64288C}"
EndProject
Global
	GlobalSection(SolutionConfigurationPlatforms) = preSolution
		Debug|Any CPU = Debug|Any CPU
		Release|Any CPU = Release|Any CPU
	EndGlobalSection
	GlobalSection(ProjectConfigurationPlatforms) = postSolution
		{0FCEF986-FBAB-4D30-BFA8-7E26BB64288C}.Debug|Any CPU.ActiveCfg = Debug|Any CPU
		{0FCEF986-FBAB-4D30-BFA8-7E26BB64288C}.Debug|Any CPU.Build.0 = Debug|Any CPU
		{0FCEF986-FBAB-4D30-BFA8-7E26BB64288C}.Release|Any CPU.ActiveCfg = Release|Any CPU
		{0FCEF986-FBAB-4D30-BFA8-7E26BB64288C}.Release|Any CPU.Build.0 = Release|Any CPU
	EndGlobalSection
	GlobalSection(SolutionProperties) = preSolution
		HideSolutionNode = FALSE
	EndGlobalSection
	GlobalSection(ExtensibilityGlobals) = postSolution
		SolutionGuid = {CB5B30FD-CA20-4BBB-A898-09FDB055C666}
	EndGlobalSection
EndGlobal
