
Microsoft Visual Studio Solution File, Format Version 12.00
# Visual Studio 15
VisualStudioVersion = 15.0.28307.1927
MinimumVisualStudioVersion = 10.0.40219.1
Project("{FAE04EC0-301F-11D3-BF4B-00C04F79EFBC}") = "MesajPenceleri-Sayfa55", "MesajPenceleri-Sayfa55\MesajPenceleri-Sayfa55.csproj", "{2418830A-498E-46BA-A38F-703E644F858A}"
EndProject
Global
	GlobalSection(SolutionConfigurationPlatforms) = preSolution
		Debug|Any CPU = Debug|Any CPU
		Release|Any CPU = Release|Any CPU
	EndGlobalSection
	GlobalSection(ProjectConfigurationPlatforms) = postSolution
		{2418830A-498E-46BA-A38F-703E644F858A}.Debug|Any CPU.ActiveCfg = Debug|Any CPU
		{2418830A-498E-46BA-A38F-703E644F858A}.Debug|Any CPU.Build.0 = Debug|Any CPU
		{2418830A-498E-46BA-A38F-703E644F858A}.Release|Any CPU.ActiveCfg = Release|Any CPU
		{2418830A-498E-46BA-A38F-703E644F858A}.Release|Any CPU.Build.0 = Release|Any CPU
	EndGlobalSection
	GlobalSection(SolutionProperties) = preSolution
		HideSolutionNode = FALSE
	EndGlobalSection
	GlobalSection(ExtensibilityGlobals) = postSolution
		SolutionGuid = {ABFDCDD6-5A2E-4C65-B8DB-CFF432983A3E}
	EndGlobalSection
EndGlobal
